// !$*UTF8*$!
{
	archiveVersion = 1;
	classes = {
	};
	objectVersion = 55;
	objects = {

/* Begin PBXBuildFile section */
		0577043153072121D761C245 /* TemplatesView.swift in Sources */ = {isa = PBXBuildFile; fileRef = DBF4C4F214D5B8ED7EC8C5B1 /* TemplatesView.swift */; };
		0DE2232E5A6ECEF8AEEEC88F /* Assets.xcassets in Resources */ = {isa = PBXBuildFile; fileRef = 3B25C5BBB7D27676FCC11A83 /* Assets.xcassets */; };
		0DE68B5006586B79BCD5F652 /* CabinetGrotesk-Bold.otf in Resources */ = {isa = PBXBuildFile; fileRef = 435917DBE046BD256291CA42 /* CabinetGrotesk-Bold.otf */; };
		0ECDE744DED25E6CE4DEDADB /* TimerConfiguration.swift in Sources */ = {isa = PBXBuildFile; fileRef = 24E3643CAD6B9793F629A709 /* TimerConfiguration.swift */; };
		0F0451CC0BA4579FAAA98143 /* StopIntent.swift in Sources */ = {isa = PBXBuildFile; fileRef = A30F8F4849184746F46BC4D6 /* StopIntent.swift */; };
		13450FD74A78F8AC05843A81 /* OpenAlarmAppIntent.swift in Sources */ = {isa = PBXBuildFile; fileRef = EDF5154D4F73A551D893F363 /* OpenAlarmAppIntent.swift */; };
		15EEE9C931BDE3270EC82851 /* CabinetGrotesk-Extrabold.otf in Resources */ = {isa = PBXBuildFile; fileRef = 3ADA2A6A9D58B1803DC3864A /* CabinetGrotesk-Extrabold.otf */; };
		181A88713B6BB7BE4AB3AA65 /* TickerDesignSystem.swift in Sources */ = {isa = PBXBuildFile; fileRef = 36BE6F3D3858AA0AB407ABD0 /* TickerDesignSystem.swift */; };
		1AF0D5ED761EDEDD5859FDB1 /* TuistBundle+Fig.swift in Sources */ = {isa = PBXBuildFile; fileRef = F747BA24CF551C903AA062E5 /* TuistBundle+Fig.swift */; };
		1F582D86B89A2AC099079D8A /* AlarmItem.swift in Sources */ = {isa = PBXBuildFile; fileRef = B4642AFB704F6FDBC4AE0C63 /* AlarmItem.swift */; };
		294B12B2F92A3AA9BEDDABA3 /* AlarmLiveActivity 2.swift in Sources */ = {isa = PBXBuildFile; fileRef = CAC0C58D115112CDD8052BFC /* AlarmLiveActivity 2.swift */; };
		2D55E9BF030501DDE08EF3F1 /* AlarmSyncCoordinator.swift in Sources */ = {isa = PBXBuildFile; fileRef = A4204F0AC1A3171771BF51C8 /* AlarmSyncCoordinator.swift */; };
		34B12B1B0404464594236966 /* figUITestsLaunchTests.swift in Sources */ = {isa = PBXBuildFile; fileRef = AFE2039256D6A7516EFF1725 /* figUITestsLaunchTests.swift */; };
		37EC0012716CC915F4E3BCB8 /* TuistAssets+Fig.swift in Sources */ = {isa = PBXBuildFile; fileRef = 04360EDA2F7F6A6B0500A39D /* TuistAssets+Fig.swift */; };
		38E699A155E43050F9FAA40B /* StartTimerIntent.swift in Sources */ = {isa = PBXBuildFile; fileRef = 85F2BE77FFEF2EA7F67F4963 /* StartTimerIntent.swift */; };
		3F0F0B2BE9960E90F7667281 /* WalnutDesignSystem.framework in Embed Frameworks */ = {isa = PBXBuildFile; fileRef = 6542F35C1A9D34BA9FFF44D9 /* WalnutDesignSystem.framework */; settings = {ATTRIBUTES = (CodeSignOnCopy, RemoveHeadersOnCopy, ); }; };
		421137852596A8641935DB88 /* SettingsView.swift in Sources */ = {isa = PBXBuildFile; fileRef = 06EA4FB14C9FAB673C7A7727 /* SettingsView.swift */; };
		4E30C36BB625FB416CA3A141 /* CabinetGrotesk-Light.otf in Resources */ = {isa = PBXBuildFile; fileRef = 9229A3BFE3654C114C59D280 /* CabinetGrotesk-Light.otf */; };
		4E5A7725991AC87508684F87 /* CabinetGrotesk-Regular.otf in Resources */ = {isa = PBXBuildFile; fileRef = 0A0FBDB7ED85B994C89519FF /* CabinetGrotesk-Regular.otf */; };
		56945AD493359CE95E20E424 /* TuistAssets+Alarm.swift in Sources */ = {isa = PBXBuildFile; fileRef = B79FC771F669947C3CF9D2F9 /* TuistAssets+Alarm.swift */; };
		56A1DA96A53548851EBE69A1 /* StopIntent.swift in Sources */ = {isa = PBXBuildFile; fileRef = A30F8F4849184746F46BC4D6 /* StopIntent.swift */; };
		5731B66B61452F1AEA4CB6DE /* ConfigurationAppIntent.swift in Sources */ = {isa = PBXBuildFile; fileRef = 09AA5BDC68C6E1D96A66A71D /* ConfigurationAppIntent.swift */; };
		591D6326755CC012AB440AFC /* ClockView.swift in Sources */ = {isa = PBXBuildFile; fileRef = 1A5264B901040CA6F1EC1FAD /* ClockView.swift */; };
		5B9759240C6176799171A0D6 /* figApp.swift in Sources */ = {isa = PBXBuildFile; fileRef = 810B9E25B2ECEC713A4256E6 /* figApp.swift */; };
		6340667D37113B5F89A68DC9 /* WalnutDesignSystem.framework in Frameworks */ = {isa = PBXBuildFile; fileRef = 6542F35C1A9D34BA9FFF44D9 /* WalnutDesignSystem.framework */; };
		6650D271B2FD05A10740CFF2 /* OpenAlarmAppIntent.swift in Sources */ = {isa = PBXBuildFile; fileRef = EDF5154D4F73A551D893F363 /* OpenAlarmAppIntent.swift */; };
		667102853DAB536757F1D768 /* TodayClockView.swift in Sources */ = {isa = PBXBuildFile; fileRef = E16F93A499B517360B7FDA1E /* TodayClockView.swift */; };
		79BE960F0B51758EE4F02DBC /* TemplateDataSeeder.swift in Sources */ = {isa = PBXBuildFile; fileRef = E28EAAAD66170BE91698DD42 /* TemplateDataSeeder.swift */; };
		7AA2A8CEF0633E00559231D2 /* AlarmMetadata.swift in Sources */ = {isa = PBXBuildFile; fileRef = DC6067C8A8EE636BEA50F3F4 /* AlarmMetadata.swift */; };
		7ADA0CB3AEB3525BBAB38B73 /* AlarmConfigurationBuilder.swift in Sources */ = {isa = PBXBuildFile; fileRef = 26E623500F694DE819AE086E /* AlarmConfigurationBuilder.swift */; };
		7BDC50ED61FB1F235DBC8267 /* alarm.appex in Embed Foundation Extensions */ = {isa = PBXBuildFile; fileRef = 19763A9E52425E0C64DBAE2E /* alarm.appex */; settings = {ATTRIBUTES = (RemoveHeadersOnCopy, ); }; };
		7C948883BD4E76ADE9A6BD20 /* AboutSheet.swift in Sources */ = {isa = PBXBuildFile; fileRef = 7B5C6A80A2970206B46A4C82 /* AboutSheet.swift */; };
		7EF057A6C000AB61987DA80D /* TimerConfiguration.swift in Sources */ = {isa = PBXBuildFile; fileRef = 24E3643CAD6B9793F629A709 /* TimerConfiguration.swift */; };
		86F1D1F343EDDB7A34DE1DFD /* HelpSupportView.swift in Sources */ = {isa = PBXBuildFile; fileRef = B8913AF7FFC9E97CD18483FE /* HelpSupportView.swift */; };
		8916B35FE36C4B1A0DC26741 /* Assets.xcassets in Resources */ = {isa = PBXBuildFile; fileRef = 27CFC00A0F8B7138C50EE947 /* Assets.xcassets */; };
		8A12392DFB6B771BAFA14E0B /* figTests.swift in Sources */ = {isa = PBXBuildFile; fileRef = 319190156414A5841EA8398A /* figTests.swift */; };
		8A1E26BD84627E2978128EA1 /* TemplateCategory.swift in Sources */ = {isa = PBXBuildFile; fileRef = 87DD47A739D2F84FC64EB2BB /* TemplateCategory.swift */; };
		8B8D36DE27F0EF30B94F6F51 /* TimePickerView.swift in Sources */ = {isa = PBXBuildFile; fileRef = 3BF9050F7041276AFB5B1F69 /* TimePickerView.swift */; };
		93976426F0440DF8B3F3C4CA /* alarmControl.swift in Sources */ = {isa = PBXBuildFile; fileRef = 4FD3E80B49FDC6E4C1AD99BC /* alarmControl.swift */; };
		A127EFD732D5972C7E892457 /* RepeatIntent.swift in Sources */ = {isa = PBXBuildFile; fileRef = 5B95C80EDDF07C5E91EA092B /* RepeatIntent.swift */; };
		A2736A71829B91A27A1ED3CA /* AppIcon.icon in Resources */ = {isa = PBXBuildFile; fileRef = 347A310C2C1C4740678168EB /* AppIcon.icon */; };
		A521A5F15FEAFA6B9739CCE5 /* PauseIntent.swift in Sources */ = {isa = PBXBuildFile; fileRef = 3143E2B89E3C46CBBAE01643 /* PauseIntent.swift */; };
		A7A9A39DBC8108461CC55E65 /* Font+CabinetGrotesk.swift in Sources */ = {isa = PBXBuildFile; fileRef = FFA81F0119B1B4ED035FEED8 /* Font+CabinetGrotesk.swift */; };
		A9EB66320C7DD1D03BA39467 /* RepeatIntent.swift in Sources */ = {isa = PBXBuildFile; fileRef = 5B95C80EDDF07C5E91EA092B /* RepeatIntent.swift */; };
		AC348F1BACF4EB1CB6F25DBC /* ContentView.swift in Sources */ = {isa = PBXBuildFile; fileRef = 01598E9F3022D964F45BA82A /* ContentView.swift */; };
		ADDD1662D6B9BBABA6F743A6 /* FAQView.swift in Sources */ = {isa = PBXBuildFile; fileRef = 9965479C5AFEA3F9141689FB /* FAQView.swift */; };
		AFE0AA9DB577F5B67EE6B7ED /* AlarmMetadata.swift in Sources */ = {isa = PBXBuildFile; fileRef = DC6067C8A8EE636BEA50F3F4 /* AlarmMetadata.swift */; };
		B1FAD776C688BE1B7B8B7F0B /* TuistBundle+Alarm.swift in Sources */ = {isa = PBXBuildFile; fileRef = 8C8BF1BD88D869D8AD69D6B1 /* TuistBundle+Alarm.swift */; };
		B21F8344792390E26798F9AC /* AboutView.swift in Sources */ = {isa = PBXBuildFile; fileRef = A6DF9ABECE20FE882137D936 /* AboutView.swift */; };
		B46EBF1EC60FC5C36C81A7FF /* ResumeIntent.swift in Sources */ = {isa = PBXBuildFile; fileRef = D63B13EB0D3B5C1FE4ABE20F /* ResumeIntent.swift */; };
		B4F67619465FB19364281F7D /* AlarmLiveActivityBundle.swift in Sources */ = {isa = PBXBuildFile; fileRef = 0446BD41A68E48CC40E4DA49 /* AlarmLiveActivityBundle.swift */; };
		BE936C652F1D4FC6AFE69D08 /* AlarmCell.swift in Sources */ = {isa = PBXBuildFile; fileRef = CFEC2A879826EEBE8656E231 /* AlarmCell.swift */; };
		C1DD9C0DBD2C2C7BFD05301A /* TickerDesignSystemPreviews.swift in Sources */ = {isa = PBXBuildFile; fileRef = 6398EAEB39219B04DBC3923A /* TickerDesignSystemPreviews.swift */; };
		C27553C8B3DB731B26477736 /* AddAlarmView.swift in Sources */ = {isa = PBXBuildFile; fileRef = 81DEFDA4EF42182CDED6CD0E /* AddAlarmView.swift */; };
		C2D0E7A2FE870F39E8B92AD5 /* StartTimerIntent.swift in Sources */ = {isa = PBXBuildFile; fileRef = 85F2BE77FFEF2EA7F67F4963 /* StartTimerIntent.swift */; };
		C3C2F6D4CB36C0350317B65A /* AlarmStateManager.swift in Sources */ = {isa = PBXBuildFile; fileRef = 84262CCA4F1F2BA7C15293E6 /* AlarmStateManager.swift */; };
		C3EE35C5851A3F5F6531CCAD /* DeleteAllDataView.swift in Sources */ = {isa = PBXBuildFile; fileRef = AC8E87439896325DAEE9B5C8 /* DeleteAllDataView.swift */; };
		C498E7D5CE723A52F130615C /* AlarmService.swift in Sources */ = {isa = PBXBuildFile; fileRef = 50EFC6CD879FBFE35D76A6F1 /* AlarmService.swift */; };
		D09318E9B5B5FF55376AF8A3 /* CabinetGrotesk-Medium.otf in Resources */ = {isa = PBXBuildFile; fileRef = 50904A8D0E5D91EDC4432E09 /* CabinetGrotesk-Medium.otf */; };
		D8A23A056BF8C1C09B34B400 /* TuistFonts+Fig.swift in Sources */ = {isa = PBXBuildFile; fileRef = 2C9D8CAED4F0EF662CBB8D75 /* TuistFonts+Fig.swift */; };
		DA074603D8C71957CD6ABB72 /* CabinetGrotesk-Extralight.otf in Resources */ = {isa = PBXBuildFile; fileRef = 4736CE5D2CA3E91A39453375 /* CabinetGrotesk-Extralight.otf */; };
		DB124E57D4C8824473C80A0A /* alarm.swift in Sources */ = {isa = PBXBuildFile; fileRef = C0A7969B4F297ABA148F6928 /* alarm.swift */; };
		DBE282BA5FE50B46D2363B6A /* ConfigurationAppIntent.swift in Sources */ = {isa = PBXBuildFile; fileRef = 09AA5BDC68C6E1D96A66A71D /* ConfigurationAppIntent.swift */; };
		E47DFDFB17FC5653F2C003D8 /* CabinetGrotesk-Thin.otf in Resources */ = {isa = PBXBuildFile; fileRef = 0D41124DD433A70170250E5B /* CabinetGrotesk-Thin.otf */; };
		E7ABF7D158BD97A18E047C0D /* CabinetGrotesk-Black.otf in Resources */ = {isa = PBXBuildFile; fileRef = 1DE20B033C15E2B201DC6705 /* CabinetGrotesk-Black.otf */; };
		F06305927069972E3B6181F8 /* AppView.swift in Sources */ = {isa = PBXBuildFile; fileRef = 367C8CC5D5A5B19456CE0424 /* AppView.swift */; };
		F3455D4B32EACC49305852C9 /* PauseIntent.swift in Sources */ = {isa = PBXBuildFile; fileRef = 3143E2B89E3C46CBBAE01643 /* PauseIntent.swift */; };
		F89E11D0E19F1B2BAC5E7899 /* figUITests.swift in Sources */ = {isa = PBXBuildFile; fileRef = CDC48BC4132C2E66AFDDE9E8 /* figUITests.swift */; };
		FB427EA64D8931F091C977F7 /* ResumeIntent.swift in Sources */ = {isa = PBXBuildFile; fileRef = D63B13EB0D3B5C1FE4ABE20F /* ResumeIntent.swift */; };
/* End PBXBuildFile section */

/* Begin PBXContainerItemProxy section */
		4F7FE500934D1D0D123C8815 /* PBXContainerItemProxy */ = {
			isa = PBXContainerItemProxy;
			containerPortal = D8D7B09FDDEFC2FB3A1287E1 /* Project object */;
			proxyType = 1;
			remoteGlobalIDString = B404D826D3E89FA73ADD682C;
			remoteInfo = fig;
		};
		AB8DE741E45C9F29D3FD61FC /* PBXContainerItemProxy */ = {
			isa = PBXContainerItemProxy;
			containerPortal = D8D7B09FDDEFC2FB3A1287E1 /* Project object */;
			proxyType = 1;
			remoteGlobalIDString = 59649622815D3238EAFAB206;
			remoteInfo = alarm;
		};
		FF7F73DE79CE0FD7926588D8 /* PBXContainerItemProxy */ = {
			isa = PBXContainerItemProxy;
			containerPortal = D8D7B09FDDEFC2FB3A1287E1 /* Project object */;
			proxyType = 1;
			remoteGlobalIDString = B404D826D3E89FA73ADD682C;
			remoteInfo = fig;
		};
/* End PBXContainerItemProxy section */

/* Begin PBXCopyFilesBuildPhase section */
		1A1A5418B51981646BA17E64 /* Embed Frameworks */ = {
			isa = PBXCopyFilesBuildPhase;
			buildActionMask = 2147483647;
			dstPath = "";
			dstSubfolderSpec = 10;
			files = (
			);
			name = "Embed Frameworks";
			runOnlyForDeploymentPostprocessing = 0;
		};
		4A1E3564DC10E944CEAD1D42 /* Embed Foundation Extensions */ = {
			isa = PBXCopyFilesBuildPhase;
			buildActionMask = 2147483647;
			dstSubfolderSpec = 13;
			files = (
				7BDC50ED61FB1F235DBC8267 /* alarm.appex in Embed Foundation Extensions */,
			);
			name = "Embed Foundation Extensions";
			runOnlyForDeploymentPostprocessing = 0;
		};
		554B72B60C8348153DE75514 /* Embed Frameworks */ = {
			isa = PBXCopyFilesBuildPhase;
			buildActionMask = 2147483647;
			dstPath = "";
			dstSubfolderSpec = 10;
			files = (
			);
			name = "Embed Frameworks";
			runOnlyForDeploymentPostprocessing = 0;
		};
		AD725B79B4AD0438196B85D4 /* Embed Frameworks */ = {
			isa = PBXCopyFilesBuildPhase;
			buildActionMask = 2147483647;
			dstPath = "";
			dstSubfolderSpec = 10;
			files = (
			);
			name = "Embed Frameworks";
			runOnlyForDeploymentPostprocessing = 0;
		};
		B9FBFD40F3CB718437D02DE7 /* Embed Frameworks */ = {
			isa = PBXCopyFilesBuildPhase;
			buildActionMask = 2147483647;
			dstPath = "";
			dstSubfolderSpec = 10;
			files = (
				3F0F0B2BE9960E90F7667281 /* WalnutDesignSystem.framework in Embed Frameworks */,
			);
			name = "Embed Frameworks";
			runOnlyForDeploymentPostprocessing = 0;
		};
/* End PBXCopyFilesBuildPhase section */

/* Begin PBXFileReference section */
		01598E9F3022D964F45BA82A /* ContentView.swift */ = {isa = PBXFileReference; lastKnownFileType = sourcecode.swift; path = ContentView.swift; sourceTree = "<group>"; };
		04360EDA2F7F6A6B0500A39D /* TuistAssets+Fig.swift */ = {isa = PBXFileReference; lastKnownFileType = sourcecode.swift; path = "TuistAssets+Fig.swift"; sourceTree = "<group>"; };
		0446BD41A68E48CC40E4DA49 /* AlarmLiveActivityBundle.swift */ = {isa = PBXFileReference; lastKnownFileType = sourcecode.swift; path = AlarmLiveActivityBundle.swift; sourceTree = "<group>"; };
		06EA4FB14C9FAB673C7A7727 /* SettingsView.swift */ = {isa = PBXFileReference; lastKnownFileType = sourcecode.swift; path = SettingsView.swift; sourceTree = "<group>"; };
		09AA5BDC68C6E1D96A66A71D /* ConfigurationAppIntent.swift */ = {isa = PBXFileReference; lastKnownFileType = sourcecode.swift; path = ConfigurationAppIntent.swift; sourceTree = "<group>"; };
		0A0FBDB7ED85B994C89519FF /* CabinetGrotesk-Regular.otf */ = {isa = PBXFileReference; lastKnownFileType = file; path = "CabinetGrotesk-Regular.otf"; sourceTree = "<group>"; };
		0D41124DD433A70170250E5B /* CabinetGrotesk-Thin.otf */ = {isa = PBXFileReference; lastKnownFileType = file; path = "CabinetGrotesk-Thin.otf"; sourceTree = "<group>"; };
		19763A9E52425E0C64DBAE2E /* alarm.appex */ = {isa = PBXFileReference; explicitFileType = "wrapper.app-extension"; includeInIndex = 0; path = alarm.appex; sourceTree = BUILT_PRODUCTS_DIR; };
		1A5264B901040CA6F1EC1FAD /* ClockView.swift */ = {isa = PBXFileReference; lastKnownFileType = sourcecode.swift; path = ClockView.swift; sourceTree = "<group>"; };
		1DE20B033C15E2B201DC6705 /* CabinetGrotesk-Black.otf */ = {isa = PBXFileReference; lastKnownFileType = file; path = "CabinetGrotesk-Black.otf"; sourceTree = "<group>"; };
		24E3643CAD6B9793F629A709 /* TimerConfiguration.swift */ = {isa = PBXFileReference; lastKnownFileType = sourcecode.swift; path = TimerConfiguration.swift; sourceTree = "<group>"; };
		26E623500F694DE819AE086E /* AlarmConfigurationBuilder.swift */ = {isa = PBXFileReference; lastKnownFileType = sourcecode.swift; path = AlarmConfigurationBuilder.swift; sourceTree = "<group>"; };
		27CFC00A0F8B7138C50EE947 /* Assets.xcassets */ = {isa = PBXFileReference; lastKnownFileType = folder.assetcatalog; path = Assets.xcassets; sourceTree = "<group>"; };
		2C9D8CAED4F0EF662CBB8D75 /* TuistFonts+Fig.swift */ = {isa = PBXFileReference; lastKnownFileType = sourcecode.swift; path = "TuistFonts+Fig.swift"; sourceTree = "<group>"; };
		3143E2B89E3C46CBBAE01643 /* PauseIntent.swift */ = {isa = PBXFileReference; lastKnownFileType = sourcecode.swift; path = PauseIntent.swift; sourceTree = "<group>"; };
		319190156414A5841EA8398A /* figTests.swift */ = {isa = PBXFileReference; lastKnownFileType = sourcecode.swift; path = figTests.swift; sourceTree = "<group>"; };
		347A310C2C1C4740678168EB /* AppIcon.icon */ = {isa = PBXFileReference; path = AppIcon.icon; sourceTree = "<group>"; };
		367C8CC5D5A5B19456CE0424 /* AppView.swift */ = {isa = PBXFileReference; lastKnownFileType = sourcecode.swift; path = AppView.swift; sourceTree = "<group>"; };
		36BE6F3D3858AA0AB407ABD0 /* TickerDesignSystem.swift */ = {isa = PBXFileReference; lastKnownFileType = sourcecode.swift; path = TickerDesignSystem.swift; sourceTree = "<group>"; };
		3ADA2A6A9D58B1803DC3864A /* CabinetGrotesk-Extrabold.otf */ = {isa = PBXFileReference; lastKnownFileType = file; path = "CabinetGrotesk-Extrabold.otf"; sourceTree = "<group>"; };
		3B25C5BBB7D27676FCC11A83 /* Assets.xcassets */ = {isa = PBXFileReference; lastKnownFileType = folder.assetcatalog; path = Assets.xcassets; sourceTree = "<group>"; };
		3BF9050F7041276AFB5B1F69 /* TimePickerView.swift */ = {isa = PBXFileReference; lastKnownFileType = sourcecode.swift; path = TimePickerView.swift; sourceTree = "<group>"; };
		3C197A26B818FC2A51015E70 /* alarm-Info.plist */ = {isa = PBXFileReference; lastKnownFileType = text.plist; path = "alarm-Info.plist"; sourceTree = "<group>"; };
		435917DBE046BD256291CA42 /* CabinetGrotesk-Bold.otf */ = {isa = PBXFileReference; lastKnownFileType = file; path = "CabinetGrotesk-Bold.otf"; sourceTree = "<group>"; };
		4736CE5D2CA3E91A39453375 /* CabinetGrotesk-Extralight.otf */ = {isa = PBXFileReference; lastKnownFileType = file; path = "CabinetGrotesk-Extralight.otf"; sourceTree = "<group>"; };
		4FD3E80B49FDC6E4C1AD99BC /* alarmControl.swift */ = {isa = PBXFileReference; lastKnownFileType = sourcecode.swift; path = alarmControl.swift; sourceTree = "<group>"; };
		50904A8D0E5D91EDC4432E09 /* CabinetGrotesk-Medium.otf */ = {isa = PBXFileReference; lastKnownFileType = file; path = "CabinetGrotesk-Medium.otf"; sourceTree = "<group>"; };
		50EFC6CD879FBFE35D76A6F1 /* AlarmService.swift */ = {isa = PBXFileReference; lastKnownFileType = sourcecode.swift; path = AlarmService.swift; sourceTree = "<group>"; };
		5B95C80EDDF07C5E91EA092B /* RepeatIntent.swift */ = {isa = PBXFileReference; lastKnownFileType = sourcecode.swift; path = RepeatIntent.swift; sourceTree = "<group>"; };
		6398EAEB39219B04DBC3923A /* TickerDesignSystemPreviews.swift */ = {isa = PBXFileReference; lastKnownFileType = sourcecode.swift; path = TickerDesignSystemPreviews.swift; sourceTree = "<group>"; };
		6542F35C1A9D34BA9FFF44D9 /* WalnutDesignSystem.framework */ = {isa = PBXFileReference; explicitFileType = wrapper.framework; includeInIndex = 0; path = WalnutDesignSystem.framework; sourceTree = BUILT_PRODUCTS_DIR; };
		6913D397C7DEC3B1C61866FD /* figUITests-Info.plist */ = {isa = PBXFileReference; lastKnownFileType = text.plist; path = "figUITests-Info.plist"; sourceTree = "<group>"; };
		7B5C6A80A2970206B46A4C82 /* AboutSheet.swift */ = {isa = PBXFileReference; lastKnownFileType = sourcecode.swift; path = AboutSheet.swift; sourceTree = "<group>"; };
		810B9E25B2ECEC713A4256E6 /* figApp.swift */ = {isa = PBXFileReference; lastKnownFileType = sourcecode.swift; path = figApp.swift; sourceTree = "<group>"; };
		81DEFDA4EF42182CDED6CD0E /* AddAlarmView.swift */ = {isa = PBXFileReference; lastKnownFileType = sourcecode.swift; path = AddAlarmView.swift; sourceTree = "<group>"; };
		84262CCA4F1F2BA7C15293E6 /* AlarmStateManager.swift */ = {isa = PBXFileReference; lastKnownFileType = sourcecode.swift; path = AlarmStateManager.swift; sourceTree = "<group>"; };
		85F2BE77FFEF2EA7F67F4963 /* StartTimerIntent.swift */ = {isa = PBXFileReference; lastKnownFileType = sourcecode.swift; path = StartTimerIntent.swift; sourceTree = "<group>"; };
		87DD47A739D2F84FC64EB2BB /* TemplateCategory.swift */ = {isa = PBXFileReference; lastKnownFileType = sourcecode.swift; path = TemplateCategory.swift; sourceTree = "<group>"; };
		8C8BF1BD88D869D8AD69D6B1 /* TuistBundle+Alarm.swift */ = {isa = PBXFileReference; lastKnownFileType = sourcecode.swift; path = "TuistBundle+Alarm.swift"; sourceTree = "<group>"; };
		9229A3BFE3654C114C59D280 /* CabinetGrotesk-Light.otf */ = {isa = PBXFileReference; lastKnownFileType = file; path = "CabinetGrotesk-Light.otf"; sourceTree = "<group>"; };
		9965479C5AFEA3F9141689FB /* FAQView.swift */ = {isa = PBXFileReference; lastKnownFileType = sourcecode.swift; path = FAQView.swift; sourceTree = "<group>"; };
		9C9C1CE08D7C6449E52D68C0 /* figUITests.xctest */ = {isa = PBXFileReference; explicitFileType = wrapper.cfbundle; includeInIndex = 0; path = figUITests.xctest; sourceTree = BUILT_PRODUCTS_DIR; };
		A30F8F4849184746F46BC4D6 /* StopIntent.swift */ = {isa = PBXFileReference; lastKnownFileType = sourcecode.swift; path = StopIntent.swift; sourceTree = "<group>"; };
		A4204F0AC1A3171771BF51C8 /* AlarmSyncCoordinator.swift */ = {isa = PBXFileReference; lastKnownFileType = sourcecode.swift; path = AlarmSyncCoordinator.swift; sourceTree = "<group>"; };
		A6DF9ABECE20FE882137D936 /* AboutView.swift */ = {isa = PBXFileReference; lastKnownFileType = sourcecode.swift; path = AboutView.swift; sourceTree = "<group>"; };
		A6E69580B241822C037A795E /* figTests.xctest */ = {isa = PBXFileReference; explicitFileType = wrapper.cfbundle; includeInIndex = 0; path = figTests.xctest; sourceTree = BUILT_PRODUCTS_DIR; };
		AC8E87439896325DAEE9B5C8 /* DeleteAllDataView.swift */ = {isa = PBXFileReference; lastKnownFileType = sourcecode.swift; path = DeleteAllDataView.swift; sourceTree = "<group>"; };
		AFE2039256D6A7516EFF1725 /* figUITestsLaunchTests.swift */ = {isa = PBXFileReference; lastKnownFileType = sourcecode.swift; path = figUITestsLaunchTests.swift; sourceTree = "<group>"; };
		B4642AFB704F6FDBC4AE0C63 /* AlarmItem.swift */ = {isa = PBXFileReference; lastKnownFileType = sourcecode.swift; path = AlarmItem.swift; sourceTree = "<group>"; };
		B79FC771F669947C3CF9D2F9 /* TuistAssets+Alarm.swift */ = {isa = PBXFileReference; lastKnownFileType = sourcecode.swift; path = "TuistAssets+Alarm.swift"; sourceTree = "<group>"; };
		B8913AF7FFC9E97CD18483FE /* HelpSupportView.swift */ = {isa = PBXFileReference; lastKnownFileType = sourcecode.swift; path = HelpSupportView.swift; sourceTree = "<group>"; };
		C0A7969B4F297ABA148F6928 /* alarm.swift */ = {isa = PBXFileReference; lastKnownFileType = sourcecode.swift; path = alarm.swift; sourceTree = "<group>"; };
		CAC0C58D115112CDD8052BFC /* AlarmLiveActivity 2.swift */ = {isa = PBXFileReference; lastKnownFileType = sourcecode.swift; path = "AlarmLiveActivity 2.swift"; sourceTree = "<group>"; };
		CDB0E58D4215AB2EAEFDB33C /* figTests-Info.plist */ = {isa = PBXFileReference; lastKnownFileType = text.plist; path = "figTests-Info.plist"; sourceTree = "<group>"; };
		CDC48BC4132C2E66AFDDE9E8 /* figUITests.swift */ = {isa = PBXFileReference; lastKnownFileType = sourcecode.swift; path = figUITests.swift; sourceTree = "<group>"; };
		CFEC2A879826EEBE8656E231 /* AlarmCell.swift */ = {isa = PBXFileReference; lastKnownFileType = sourcecode.swift; path = AlarmCell.swift; sourceTree = "<group>"; };
		D63B13EB0D3B5C1FE4ABE20F /* ResumeIntent.swift */ = {isa = PBXFileReference; lastKnownFileType = sourcecode.swift; path = ResumeIntent.swift; sourceTree = "<group>"; };
		DBF4C4F214D5B8ED7EC8C5B1 /* TemplatesView.swift */ = {isa = PBXFileReference; lastKnownFileType = sourcecode.swift; path = TemplatesView.swift; sourceTree = "<group>"; };
		DC6067C8A8EE636BEA50F3F4 /* AlarmMetadata.swift */ = {isa = PBXFileReference; lastKnownFileType = sourcecode.swift; path = AlarmMetadata.swift; sourceTree = "<group>"; };
		E16F93A499B517360B7FDA1E /* TodayClockView.swift */ = {isa = PBXFileReference; lastKnownFileType = sourcecode.swift; path = TodayClockView.swift; sourceTree = "<group>"; };
		E28EAAAD66170BE91698DD42 /* TemplateDataSeeder.swift */ = {isa = PBXFileReference; lastKnownFileType = sourcecode.swift; path = TemplateDataSeeder.swift; sourceTree = "<group>"; };
		E6D7D7B44B1F441D9E9A4CA3 /* fig-Info.plist */ = {isa = PBXFileReference; lastKnownFileType = text.plist; path = "fig-Info.plist"; sourceTree = "<group>"; };
		EDF5154D4F73A551D893F363 /* OpenAlarmAppIntent.swift */ = {isa = PBXFileReference; lastKnownFileType = sourcecode.swift; path = OpenAlarmAppIntent.swift; sourceTree = "<group>"; };
		F747BA24CF551C903AA062E5 /* TuistBundle+Fig.swift */ = {isa = PBXFileReference; lastKnownFileType = sourcecode.swift; path = "TuistBundle+Fig.swift"; sourceTree = "<group>"; };
		FD649D31635AFE8566E834E1 /* fig.app */ = {isa = PBXFileReference; explicitFileType = wrapper.application; includeInIndex = 0; path = fig.app; sourceTree = BUILT_PRODUCTS_DIR; };
		FFA81F0119B1B4ED035FEED8 /* Font+CabinetGrotesk.swift */ = {isa = PBXFileReference; lastKnownFileType = sourcecode.swift; path = "Font+CabinetGrotesk.swift"; sourceTree = "<group>"; };
/* End PBXFileReference section */

/* Begin PBXFrameworksBuildPhase section */
		122A5ADC6D2570E72DB8388B /* Frameworks */ = {
			isa = PBXFrameworksBuildPhase;
			buildActionMask = 2147483647;
			files = (
			);
			runOnlyForDeploymentPostprocessing = 0;
		};
		450077C12DDEBDB2D4DCC946 /* Frameworks */ = {
			isa = PBXFrameworksBuildPhase;
			buildActionMask = 2147483647;
			files = (
			);
			runOnlyForDeploymentPostprocessing = 0;
		};
		9A8E1AE33CCABB70D6A694DF /* Frameworks */ = {
			isa = PBXFrameworksBuildPhase;
			buildActionMask = 2147483647;
			files = (
				6340667D37113B5F89A68DC9 /* WalnutDesignSystem.framework in Frameworks */,
			);
			runOnlyForDeploymentPostprocessing = 0;
		};
		A2779AB1F8324F532B9C68DB /* Frameworks */ = {
			isa = PBXFrameworksBuildPhase;
			buildActionMask = 2147483647;
			files = (
			);
			runOnlyForDeploymentPostprocessing = 0;
		};
/* End PBXFrameworksBuildPhase section */

/* Begin PBXGroup section */
		0B5456DADD85F29388EB4C2A /* Services */ = {
			isa = PBXGroup;
			children = (
				26E623500F694DE819AE086E /* AlarmConfigurationBuilder.swift */,
				50EFC6CD879FBFE35D76A6F1 /* AlarmService.swift */,
				84262CCA4F1F2BA7C15293E6 /* AlarmStateManager.swift */,
				A4204F0AC1A3171771BF51C8 /* AlarmSyncCoordinator.swift */,
			);
			path = Services;
			sourceTree = "<group>";
		};
		139A99772F9990DBD24F9C53 /* alarm */ = {
			isa = PBXGroup;
			children = (
				C0A7969B4F297ABA148F6928 /* alarm.swift */,
				4FD3E80B49FDC6E4C1AD99BC /* alarmControl.swift */,
				CAC0C58D115112CDD8052BFC /* AlarmLiveActivity 2.swift */,
				0446BD41A68E48CC40E4DA49 /* AlarmLiveActivityBundle.swift */,
				3B25C5BBB7D27676FCC11A83 /* Assets.xcassets */,
			);
			path = alarm;
			sourceTree = "<group>";
		};
		14D2FAFB9E39ACF5C614D8D7 /* Data */ = {
			isa = PBXGroup;
			children = (
				E28EAAAD66170BE91698DD42 /* TemplateDataSeeder.swift */,
			);
			path = Data;
			sourceTree = "<group>";
		};
		26F336FF38F8F1297A1A6ACD /* figTests */ = {
			isa = PBXGroup;
			children = (
				319190156414A5841EA8398A /* figTests.swift */,
			);
			path = figTests;
			sourceTree = "<group>";
		};
		2D6DE505C568768F07302618 /* Models */ = {
			isa = PBXGroup;
			children = (
				B4642AFB704F6FDBC4AE0C63 /* AlarmItem.swift */,
				87DD47A739D2F84FC64EB2BB /* TemplateCategory.swift */,
			);
			path = Models;
			sourceTree = "<group>";
		};
		3F929FD55F291B3ED60A5E55 /* figUITests */ = {
			isa = PBXGroup;
			children = (
				CDC48BC4132C2E66AFDDE9E8 /* figUITests.swift */,
				AFE2039256D6A7516EFF1725 /* figUITestsLaunchTests.swift */,
			);
			path = figUITests;
			sourceTree = "<group>";
		};
		50AF4329732A5211F6AFC8BB /* Widget */ = {
			isa = PBXGroup;
			children = (
				09AA5BDC68C6E1D96A66A71D /* ConfigurationAppIntent.swift */,
			);
			path = Widget;
			sourceTree = "<group>";
		};
		5F6B40403E589E7B6DCBFE9F /* InfoPlists */ = {
			isa = PBXGroup;
			children = (
				3C197A26B818FC2A51015E70 /* alarm-Info.plist */,
				E6D7D7B44B1F441D9E9A4CA3 /* fig-Info.plist */,
				CDB0E58D4215AB2EAEFDB33C /* figTests-Info.plist */,
				6913D397C7DEC3B1C61866FD /* figUITests-Info.plist */,
			);
			path = InfoPlists;
			sourceTree = "<group>";
		};
		70C2AC4387382F35D4CD526D /* DesignSystem */ = {
			isa = PBXGroup;
			children = (
				36BE6F3D3858AA0AB407ABD0 /* TickerDesignSystem.swift */,
				6398EAEB39219B04DBC3923A /* TickerDesignSystemPreviews.swift */,
			);
			path = DesignSystem;
			sourceTree = "<group>";
		};
		811234830675F2849D4ECA1D /* MenuItems */ = {
			isa = PBXGroup;
			children = (
				7B5C6A80A2970206B46A4C82 /* AboutSheet.swift */,
				A6DF9ABECE20FE882137D936 /* AboutView.swift */,
				AC8E87439896325DAEE9B5C8 /* DeleteAllDataView.swift */,
				9965479C5AFEA3F9141689FB /* FAQView.swift */,
				B8913AF7FFC9E97CD18483FE /* HelpSupportView.swift */,
			);
			path = MenuItems;
			sourceTree = "<group>";
		};
		9359FF2C8DDC8F6F0BF4D60D /* LiveActivity */ = {
			isa = PBXGroup;
			children = (
				EDF5154D4F73A551D893F363 /* OpenAlarmAppIntent.swift */,
				3143E2B89E3C46CBBAE01643 /* PauseIntent.swift */,
				5B95C80EDDF07C5E91EA092B /* RepeatIntent.swift */,
				D63B13EB0D3B5C1FE4ABE20F /* ResumeIntent.swift */,
				A30F8F4849184746F46BC4D6 /* StopIntent.swift */,
			);
			path = LiveActivity;
			sourceTree = "<group>";
		};
		9A52B43B782FBC92FB038D44 /* Extensions */ = {
			isa = PBXGroup;
			children = (
				FFA81F0119B1B4ED035FEED8 /* Font+CabinetGrotesk.swift */,
			);
			path = Extensions;
			sourceTree = "<group>";
		};
		9A88F8A9F7206A16F240FA2A /* fig */ = {
			isa = PBXGroup;
			children = (
				CC3F06E4CD70F412077AEB7D /* App */,
				EB73C8732AB0A1E9916C4392 /* AppIntents */,
				14D2FAFB9E39ACF5C614D8D7 /* Data */,
				70C2AC4387382F35D4CD526D /* DesignSystem */,
				9A52B43B782FBC92FB038D44 /* Extensions */,
				2D6DE505C568768F07302618 /* Models */,
				EDD646705E85A5331E2F5162 /* Resources */,
				0B5456DADD85F29388EB4C2A /* Services */,
				E346A90FA828B16A8BBF0FCE /* Settings */,
				CFEC2A879826EEBE8656E231 /* AlarmCell.swift */,
				3BF9050F7041276AFB5B1F69 /* TimePickerView.swift */,
			);
			path = fig;
			sourceTree = "<group>";
		};
		9ADB60A8AD6C841B3A2251D1 /* Products */ = {
			isa = PBXGroup;
			children = (
				19763A9E52425E0C64DBAE2E /* alarm.appex */,
				FD649D31635AFE8566E834E1 /* fig.app */,
				A6E69580B241822C037A795E /* figTests.xctest */,
				9C9C1CE08D7C6449E52D68C0 /* figUITests.xctest */,
				6542F35C1A9D34BA9FFF44D9 /* WalnutDesignSystem.framework */,
			);
			name = Products;
			sourceTree = "<group>";
		};
		B7A7DE99A334F50678DBE3DB /* Shared */ = {
			isa = PBXGroup;
			children = (
				DC6067C8A8EE636BEA50F3F4 /* AlarmMetadata.swift */,
			);
			path = Shared;
			sourceTree = "<group>";
		};
		BAD1BCF4F2BE22C8FDEC5E56 /* Sources */ = {
			isa = PBXGroup;
			children = (
				B79FC771F669947C3CF9D2F9 /* TuistAssets+Alarm.swift */,
				04360EDA2F7F6A6B0500A39D /* TuistAssets+Fig.swift */,
				8C8BF1BD88D869D8AD69D6B1 /* TuistBundle+Alarm.swift */,
				F747BA24CF551C903AA062E5 /* TuistBundle+Fig.swift */,
				2C9D8CAED4F0EF662CBB8D75 /* TuistFonts+Fig.swift */,
			);
			path = Sources;
			sourceTree = "<group>";
		};
		C44DFD95A11F67A5B267AD10 /* ControlWidget */ = {
			isa = PBXGroup;
			children = (
				85F2BE77FFEF2EA7F67F4963 /* StartTimerIntent.swift */,
				24E3643CAD6B9793F629A709 /* TimerConfiguration.swift */,
			);
			path = ControlWidget;
			sourceTree = "<group>";
		};
		CC3F06E4CD70F412077AEB7D /* App */ = {
			isa = PBXGroup;
			children = (
				81DEFDA4EF42182CDED6CD0E /* AddAlarmView.swift */,
				367C8CC5D5A5B19456CE0424 /* AppView.swift */,
				1A5264B901040CA6F1EC1FAD /* ClockView.swift */,
				01598E9F3022D964F45BA82A /* ContentView.swift */,
				810B9E25B2ECEC713A4256E6 /* figApp.swift */,
				DBF4C4F214D5B8ED7EC8C5B1 /* TemplatesView.swift */,
				E16F93A499B517360B7FDA1E /* TodayClockView.swift */,
			);
			path = App;
			sourceTree = "<group>";
		};
		DA8B16A8FD167FB89223E606 = {
			isa = PBXGroup;
			children = (
				ED7A1798A5316DA31A1EC5E4 /* Project */,
				9ADB60A8AD6C841B3A2251D1 /* Products */,
			);
			sourceTree = "<group>";
		};
		E346A90FA828B16A8BBF0FCE /* Settings */ = {
			isa = PBXGroup;
			children = (
				811234830675F2849D4ECA1D /* MenuItems */,
				06EA4FB14C9FAB673C7A7727 /* SettingsView.swift */,
			);
			path = Settings;
			sourceTree = "<group>";
		};
		EB73C8732AB0A1E9916C4392 /* AppIntents */ = {
			isa = PBXGroup;
			children = (
				C44DFD95A11F67A5B267AD10 /* ControlWidget */,
				9359FF2C8DDC8F6F0BF4D60D /* LiveActivity */,
				50AF4329732A5211F6AFC8BB /* Widget */,
			);
			path = AppIntents;
			sourceTree = "<group>";
		};
		ED7A1798A5316DA31A1EC5E4 /* Project */ = {
			isa = PBXGroup;
			children = (
				139A99772F9990DBD24F9C53 /* alarm */,
				F0987D18D77F01E7298F281F /* Derived */,
				9A88F8A9F7206A16F240FA2A /* fig */,
				26F336FF38F8F1297A1A6ACD /* figTests */,
				3F929FD55F291B3ED60A5E55 /* figUITests */,
				B7A7DE99A334F50678DBE3DB /* Shared */,
			);
			name = Project;
			sourceTree = "<group>";
		};
		EDD646705E85A5331E2F5162 /* Resources */ = {
			isa = PBXGroup;
			children = (
				347A310C2C1C4740678168EB /* AppIcon.icon */,
				27CFC00A0F8B7138C50EE947 /* Assets.xcassets */,
				1DE20B033C15E2B201DC6705 /* CabinetGrotesk-Black.otf */,
				435917DBE046BD256291CA42 /* CabinetGrotesk-Bold.otf */,
				3ADA2A6A9D58B1803DC3864A /* CabinetGrotesk-Extrabold.otf */,
				4736CE5D2CA3E91A39453375 /* CabinetGrotesk-Extralight.otf */,
				9229A3BFE3654C114C59D280 /* CabinetGrotesk-Light.otf */,
				50904A8D0E5D91EDC4432E09 /* CabinetGrotesk-Medium.otf */,
				0A0FBDB7ED85B994C89519FF /* CabinetGrotesk-Regular.otf */,
				0D41124DD433A70170250E5B /* CabinetGrotesk-Thin.otf */,
			);
			path = Resources;
			sourceTree = "<group>";
		};
		F0987D18D77F01E7298F281F /* Derived */ = {
			isa = PBXGroup;
			children = (
				5F6B40403E589E7B6DCBFE9F /* InfoPlists */,
				BAD1BCF4F2BE22C8FDEC5E56 /* Sources */,
			);
			path = Derived;
			sourceTree = "<group>";
		};
/* End PBXGroup section */

/* Begin PBXNativeTarget section */
		318B24D6E65E494A3445BC21 /* figUITests */ = {
			isa = PBXNativeTarget;
			buildConfigurationList = 7DDB120B0CEF8BE94BACE703 /* Build configuration list for PBXNativeTarget "figUITests" */;
			buildPhases = (
				9992B994E177BD65225B9827 /* Sources */,
				D8B565F72FAB92D0B1ADEC32 /* Resources */,
				122A5ADC6D2570E72DB8388B /* Frameworks */,
				AD725B79B4AD0438196B85D4 /* Embed Frameworks */,
			);
			buildRules = (
			);
			dependencies = (
				B291E70C83CEC90B18110416 /* PBXTargetDependency */,
			);
			name = figUITests;
			packageProductDependencies = (
			);
			productName = figUITests;
			productReference = 9C9C1CE08D7C6449E52D68C0 /* figUITests.xctest */;
			productType = "com.apple.product-type.bundle.ui-testing";
		};
		59649622815D3238EAFAB206 /* alarm */ = {
			isa = PBXNativeTarget;
			buildConfigurationList = EED9313F4AB54390E4354BAB /* Build configuration list for PBXNativeTarget "alarm" */;
			buildPhases = (
				65E16690B3616E5594BAB776 /* Sources */,
				2609F8E14DD415822ED3EF45 /* Resources */,
				A2779AB1F8324F532B9C68DB /* Frameworks */,
				1A1A5418B51981646BA17E64 /* Embed Frameworks */,
			);
			buildRules = (
			);
			dependencies = (
			);
			name = alarm;
			packageProductDependencies = (
			);
			productName = alarm;
			productReference = 19763A9E52425E0C64DBAE2E /* alarm.appex */;
			productType = "com.apple.product-type.app-extension";
		};
		81C8B2FFE234DFA7164E4FFB /* figTests */ = {
			isa = PBXNativeTarget;
			buildConfigurationList = 7FE0514641CB3071ABBE57D3 /* Build configuration list for PBXNativeTarget "figTests" */;
			buildPhases = (
				8D695E389EB1005EA0C61080 /* Sources */,
				77A7EB6B31A85A67EEF71BAB /* Resources */,
				450077C12DDEBDB2D4DCC946 /* Frameworks */,
				554B72B60C8348153DE75514 /* Embed Frameworks */,
			);
			buildRules = (
			);
			dependencies = (
				4E0BA45063327421516A3B12 /* PBXTargetDependency */,
			);
			name = figTests;
			packageProductDependencies = (
			);
			productName = figTests;
			productReference = A6E69580B241822C037A795E /* figTests.xctest */;
			productType = "com.apple.product-type.bundle.unit-test";
		};
		B404D826D3E89FA73ADD682C /* fig */ = {
			isa = PBXNativeTarget;
			buildConfigurationList = EFC381363A1496969D07AFC9 /* Build configuration list for PBXNativeTarget "fig" */;
			buildPhases = (
				B66A3625AFE3270A22082591 /* Sources */,
				26BE2B2FF371E6B0D7E5A398 /* Resources */,
				4A1E3564DC10E944CEAD1D42 /* Embed Foundation Extensions */,
				9A8E1AE33CCABB70D6A694DF /* Frameworks */,
				B9FBFD40F3CB718437D02DE7 /* Embed Frameworks */,
			);
			buildRules = (
			);
			dependencies = (
				E652EA4ED5B4F89931495056 /* PBXTargetDependency */,
			);
			name = fig;
			packageProductDependencies = (
			);
			productName = fig;
			productReference = FD649D31635AFE8566E834E1 /* fig.app */;
			productType = "com.apple.product-type.application";
		};
/* End PBXNativeTarget section */

/* Begin PBXProject section */
		D8D7B09FDDEFC2FB3A1287E1 /* Project object */ = {
			isa = PBXProject;
			attributes = {
				BuildIndependentTargetsInParallel = YES;
				TargetAttributes = {
					318B24D6E65E494A3445BC21 = {
						TestTargetID = B404D826D3E89FA73ADD682C;
					};
					81C8B2FFE234DFA7164E4FFB = {
						TestTargetID = B404D826D3E89FA73ADD682C;
					};
				};
			};
			buildConfigurationList = DD9E3568D5662EFF4ACCA955 /* Build configuration list for PBXProject "fig" */;
			compatibilityVersion = "Xcode 14.0";
			developmentRegion = en;
			hasScannedForEncodings = 0;
			knownRegions = (
				Base,
				en,
			);
			mainGroup = DA8B16A8FD167FB89223E606;
			productRefGroup = 9ADB60A8AD6C841B3A2251D1 /* Products */;
			projectDirPath = "";
			projectRoot = "";
			targets = (
				59649622815D3238EAFAB206 /* alarm */,
				B404D826D3E89FA73ADD682C /* fig */,
				81C8B2FFE234DFA7164E4FFB /* figTests */,
				318B24D6E65E494A3445BC21 /* figUITests */,
			);
		};
/* End PBXProject section */

/* Begin PBXResourcesBuildPhase section */
		2609F8E14DD415822ED3EF45 /* Resources */ = {
			isa = PBXResourcesBuildPhase;
			buildActionMask = 2147483647;
			files = (
				0DE2232E5A6ECEF8AEEEC88F /* Assets.xcassets in Resources */,
			);
			runOnlyForDeploymentPostprocessing = 0;
		};
		26BE2B2FF371E6B0D7E5A398 /* Resources */ = {
			isa = PBXResourcesBuildPhase;
			buildActionMask = 2147483647;
			files = (
				A2736A71829B91A27A1ED3CA /* AppIcon.icon in Resources */,
				8916B35FE36C4B1A0DC26741 /* Assets.xcassets in Resources */,
				E7ABF7D158BD97A18E047C0D /* CabinetGrotesk-Black.otf in Resources */,
				0DE68B5006586B79BCD5F652 /* CabinetGrotesk-Bold.otf in Resources */,
				15EEE9C931BDE3270EC82851 /* CabinetGrotesk-Extrabold.otf in Resources */,
				DA074603D8C71957CD6ABB72 /* CabinetGrotesk-Extralight.otf in Resources */,
				4E30C36BB625FB416CA3A141 /* CabinetGrotesk-Light.otf in Resources */,
				D09318E9B5B5FF55376AF8A3 /* CabinetGrotesk-Medium.otf in Resources */,
				4E5A7725991AC87508684F87 /* CabinetGrotesk-Regular.otf in Resources */,
				E47DFDFB17FC5653F2C003D8 /* CabinetGrotesk-Thin.otf in Resources */,
			);
			runOnlyForDeploymentPostprocessing = 0;
		};
		77A7EB6B31A85A67EEF71BAB /* Resources */ = {
			isa = PBXResourcesBuildPhase;
			buildActionMask = 2147483647;
			files = (
			);
			runOnlyForDeploymentPostprocessing = 0;
		};
		D8B565F72FAB92D0B1ADEC32 /* Resources */ = {
			isa = PBXResourcesBuildPhase;
			buildActionMask = 2147483647;
			files = (
			);
			runOnlyForDeploymentPostprocessing = 0;
		};
/* End PBXResourcesBuildPhase section */

/* Begin PBXSourcesBuildPhase section */
		65E16690B3616E5594BAB776 /* Sources */ = {
			isa = PBXSourcesBuildPhase;
			buildActionMask = 2147483647;
			files = (
				56945AD493359CE95E20E424 /* TuistAssets+Alarm.swift in Sources */,
				B1FAD776C688BE1B7B8B7F0B /* TuistBundle+Alarm.swift in Sources */,
				AFE0AA9DB577F5B67EE6B7ED /* AlarmMetadata.swift in Sources */,
				294B12B2F92A3AA9BEDDABA3 /* AlarmLiveActivity 2.swift in Sources */,
				B4F67619465FB19364281F7D /* AlarmLiveActivityBundle.swift in Sources */,
				DB124E57D4C8824473C80A0A /* alarm.swift in Sources */,
				93976426F0440DF8B3F3C4CA /* alarmControl.swift in Sources */,
				38E699A155E43050F9FAA40B /* StartTimerIntent.swift in Sources */,
				0ECDE744DED25E6CE4DEDADB /* TimerConfiguration.swift in Sources */,
				6650D271B2FD05A10740CFF2 /* OpenAlarmAppIntent.swift in Sources */,
				A521A5F15FEAFA6B9739CCE5 /* PauseIntent.swift in Sources */,
				A9EB66320C7DD1D03BA39467 /* RepeatIntent.swift in Sources */,
				B46EBF1EC60FC5C36C81A7FF /* ResumeIntent.swift in Sources */,
				56A1DA96A53548851EBE69A1 /* StopIntent.swift in Sources */,
				DBE282BA5FE50B46D2363B6A /* ConfigurationAppIntent.swift in Sources */,
			);
			runOnlyForDeploymentPostprocessing = 0;
		};
		8D695E389EB1005EA0C61080 /* Sources */ = {
			isa = PBXSourcesBuildPhase;
			buildActionMask = 2147483647;
			files = (
				8A12392DFB6B771BAFA14E0B /* figTests.swift in Sources */,
			);
			runOnlyForDeploymentPostprocessing = 0;
		};
		9992B994E177BD65225B9827 /* Sources */ = {
			isa = PBXSourcesBuildPhase;
			buildActionMask = 2147483647;
			files = (
				F89E11D0E19F1B2BAC5E7899 /* figUITests.swift in Sources */,
				34B12B1B0404464594236966 /* figUITestsLaunchTests.swift in Sources */,
			);
			runOnlyForDeploymentPostprocessing = 0;
		};
		B66A3625AFE3270A22082591 /* Sources */ = {
			isa = PBXSourcesBuildPhase;
			buildActionMask = 2147483647;
			files = (
				37EC0012716CC915F4E3BCB8 /* TuistAssets+Fig.swift in Sources */,
				1AF0D5ED761EDEDD5859FDB1 /* TuistBundle+Fig.swift in Sources */,
				D8A23A056BF8C1C09B34B400 /* TuistFonts+Fig.swift in Sources */,
				7AA2A8CEF0633E00559231D2 /* AlarmMetadata.swift in Sources */,
				BE936C652F1D4FC6AFE69D08 /* AlarmCell.swift in Sources */,
				C27553C8B3DB731B26477736 /* AddAlarmView.swift in Sources */,
				F06305927069972E3B6181F8 /* AppView.swift in Sources */,
				591D6326755CC012AB440AFC /* ClockView.swift in Sources */,
				AC348F1BACF4EB1CB6F25DBC /* ContentView.swift in Sources */,
				0577043153072121D761C245 /* TemplatesView.swift in Sources */,
				667102853DAB536757F1D768 /* TodayClockView.swift in Sources */,
				5B9759240C6176799171A0D6 /* figApp.swift in Sources */,
				C2D0E7A2FE870F39E8B92AD5 /* StartTimerIntent.swift in Sources */,
				7EF057A6C000AB61987DA80D /* TimerConfiguration.swift in Sources */,
				13450FD74A78F8AC05843A81 /* OpenAlarmAppIntent.swift in Sources */,
				F3455D4B32EACC49305852C9 /* PauseIntent.swift in Sources */,
				A127EFD732D5972C7E892457 /* RepeatIntent.swift in Sources */,
				FB427EA64D8931F091C977F7 /* ResumeIntent.swift in Sources */,
				0F0451CC0BA4579FAAA98143 /* StopIntent.swift in Sources */,
				5731B66B61452F1AEA4CB6DE /* ConfigurationAppIntent.swift in Sources */,
				79BE960F0B51758EE4F02DBC /* TemplateDataSeeder.swift in Sources */,
				181A88713B6BB7BE4AB3AA65 /* TickerDesignSystem.swift in Sources */,
				C1DD9C0DBD2C2C7BFD05301A /* TickerDesignSystemPreviews.swift in Sources */,
				A7A9A39DBC8108461CC55E65 /* Font+CabinetGrotesk.swift in Sources */,
				1F582D86B89A2AC099079D8A /* AlarmItem.swift in Sources */,
				8A1E26BD84627E2978128EA1 /* TemplateCategory.swift in Sources */,
				7ADA0CB3AEB3525BBAB38B73 /* AlarmConfigurationBuilder.swift in Sources */,
				C498E7D5CE723A52F130615C /* AlarmService.swift in Sources */,
				C3C2F6D4CB36C0350317B65A /* AlarmStateManager.swift in Sources */,
				2D55E9BF030501DDE08EF3F1 /* AlarmSyncCoordinator.swift in Sources */,
				7C948883BD4E76ADE9A6BD20 /* AboutSheet.swift in Sources */,
				B21F8344792390E26798F9AC /* AboutView.swift in Sources */,
				C3EE35C5851A3F5F6531CCAD /* DeleteAllDataView.swift in Sources */,
				ADDD1662D6B9BBABA6F743A6 /* FAQView.swift in Sources */,
				86F1D1F343EDDB7A34DE1DFD /* HelpSupportView.swift in Sources */,
				421137852596A8641935DB88 /* SettingsView.swift in Sources */,
				8B8D36DE27F0EF30B94F6F51 /* TimePickerView.swift in Sources */,
			);
			runOnlyForDeploymentPostprocessing = 0;
		};
/* End PBXSourcesBuildPhase section */

/* Begin PBXTargetDependency section */
		4E0BA45063327421516A3B12 /* PBXTargetDependency */ = {
			isa = PBXTargetDependency;
			name = fig;
			target = B404D826D3E89FA73ADD682C /* fig */;
			targetProxy = FF7F73DE79CE0FD7926588D8 /* PBXContainerItemProxy */;
		};
		B291E70C83CEC90B18110416 /* PBXTargetDependency */ = {
			isa = PBXTargetDependency;
			name = fig;
			target = B404D826D3E89FA73ADD682C /* fig */;
			targetProxy = 4F7FE500934D1D0D123C8815 /* PBXContainerItemProxy */;
		};
		E652EA4ED5B4F89931495056 /* PBXTargetDependency */ = {
			isa = PBXTargetDependency;
			name = alarm;
			target = 59649622815D3238EAFAB206 /* alarm */;
			targetProxy = AB8DE741E45C9F29D3FD61FC /* PBXContainerItemProxy */;
		};
/* End PBXTargetDependency section */

/* Begin XCBuildConfiguration section */
		09CF911342661EEA2DE1868B /* Release */ = {
			isa = XCBuildConfiguration;
			buildSettings = {
				ASSETCATALOG_COMPILER_APPICON_NAME = AppIcon;
				ASSETCATALOG_COMPILER_GLOBAL_ACCENT_COLOR_NAME = AccentColor;
				CODE_SIGN_STYLE = Automatic;
				DEVELOPMENT_TEAM = Q7HVAVTGUP;
				ENABLE_PREVIEWS = YES;
				INFOPLIST_FILE = "Derived/InfoPlists/fig-Info.plist";
				IPHONEOS_DEPLOYMENT_TARGET = 26.0;
				LD_RUNPATH_SEARCH_PATHS = (
					"$(inherited)",
					"@executable_path/Frameworks",
				);
				"LD_RUNPATH_SEARCH_PATHS[sdk=macosx*]" = (
					"$(inherited)",
					"@executable_path/../Frameworks",
				);
				PRODUCT_BUNDLE_IDENTIFIER = m.fig;
				PRODUCT_NAME = fig;
				SDKROOT = auto;
				SUPPORTED_PLATFORMS = "iphoneos iphonesimulator macosx";
				SUPPORTS_MACCATALYST = NO;
				SUPPORTS_MAC_DESIGNED_FOR_IPHONE_IPAD = NO;
				SUPPORTS_XR_DESIGNED_FOR_IPHONE_IPAD = NO;
				SWIFT_COMPILATION_MODE = wholemodule;
				SWIFT_OPTIMIZATION_LEVEL = "-O";
				SWIFT_VERSION = 5.0;
				TARGETED_DEVICE_FAMILY = "1,2";
			};
			name = Release;
		};
		558E73E3CE46BA2760900B12 /* Release */ = {
			isa = XCBuildConfiguration;
			buildSettings = {
				ALWAYS_SEARCH_USER_PATHS = NO;
				CLANG_ANALYZER_LOCALIZABILITY_NONLOCALIZED = YES;
				CLANG_ANALYZER_NONNULL = YES;
				CLANG_ANALYZER_NUMBER_OBJECT_CONVERSION = YES_AGGRESSIVE;
				CLANG_CXX_LANGUAGE_STANDARD = "gnu++14";
				CLANG_CXX_LIBRARY = "libc++";
				CLANG_ENABLE_MODULES = YES;
				CLANG_ENABLE_OBJC_ARC = YES;
				CLANG_ENABLE_OBJC_WEAK = YES;
				CLANG_WARN_BLOCK_CAPTURE_AUTORELEASING = YES;
				CLANG_WARN_BOOL_CONVERSION = YES;
				CLANG_WARN_COMMA = YES;
				CLANG_WARN_CONSTANT_CONVERSION = YES;
				CLANG_WARN_DEPRECATED_OBJC_IMPLEMENTATIONS = YES;
				CLANG_WARN_DIRECT_OBJC_ISA_USAGE = YES_ERROR;
				CLANG_WARN_DOCUMENTATION_COMMENTS = YES;
				CLANG_WARN_EMPTY_BODY = YES;
				CLANG_WARN_ENUM_CONVERSION = YES;
				CLANG_WARN_INFINITE_RECURSION = YES;
				CLANG_WARN_INT_CONVERSION = YES;
				CLANG_WARN_NON_LITERAL_NULL_CONVERSION = YES;
				CLANG_WARN_OBJC_IMPLICIT_RETAIN_SELF = YES;
				CLANG_WARN_OBJC_LITERAL_CONVERSION = YES;
				CLANG_WARN_OBJC_ROOT_CLASS = YES_ERROR;
				CLANG_WARN_QUOTED_INCLUDE_IN_FRAMEWORK_HEADER = YES;
				CLANG_WARN_RANGE_LOOP_ANALYSIS = YES;
				CLANG_WARN_STRICT_PROTOTYPES = YES;
				CLANG_WARN_SUSPICIOUS_MOVE = YES;
				CLANG_WARN_UNGUARDED_AVAILABILITY = YES_AGGRESSIVE;
				CLANG_WARN_UNREACHABLE_CODE = YES;
				CLANG_WARN__DUPLICATE_METHOD_MATCH = YES;
				COPY_PHASE_STRIP = NO;
				DEAD_CODE_STRIPPING = YES;
				DEBUG_INFORMATION_FORMAT = "dwarf-with-dsym";
				ENABLE_NS_ASSERTIONS = NO;
				ENABLE_STRICT_OBJC_MSGSEND = YES;
				GCC_C_LANGUAGE_STANDARD = gnu11;
				GCC_NO_COMMON_BLOCKS = YES;
				GCC_WARN_64_TO_32_BIT_CONVERSION = YES;
				GCC_WARN_ABOUT_RETURN_TYPE = YES_ERROR;
				GCC_WARN_UNDECLARED_SELECTOR = YES;
				GCC_WARN_UNINITIALIZED_AUTOS = YES_AGGRESSIVE;
				GCC_WARN_UNUSED_FUNCTION = YES;
				GCC_WARN_UNUSED_VARIABLE = YES;
				MTL_ENABLE_DEBUG_INFO = NO;
				PRODUCT_NAME = "$(TARGET_NAME)";
				VALIDATE_PRODUCT = YES;
			};
			name = Release;
		};
		66339A91BED7F3F89D3001C5 /* Debug */ = {
			isa = XCBuildConfiguration;
			buildSettings = {
				ALWAYS_SEARCH_USER_PATHS = NO;
				CLANG_ANALYZER_LOCALIZABILITY_NONLOCALIZED = YES;
				CLANG_ANALYZER_NONNULL = YES;
				CLANG_ANALYZER_NUMBER_OBJECT_CONVERSION = YES_AGGRESSIVE;
				CLANG_CXX_LANGUAGE_STANDARD = "gnu++14";
				CLANG_CXX_LIBRARY = "libc++";
				CLANG_ENABLE_MODULES = YES;
				CLANG_ENABLE_OBJC_ARC = YES;
				CLANG_ENABLE_OBJC_WEAK = YES;
				CLANG_WARN_BLOCK_CAPTURE_AUTORELEASING = YES;
				CLANG_WARN_BOOL_CONVERSION = YES;
				CLANG_WARN_COMMA = YES;
				CLANG_WARN_CONSTANT_CONVERSION = YES;
				CLANG_WARN_DEPRECATED_OBJC_IMPLEMENTATIONS = YES;
				CLANG_WARN_DIRECT_OBJC_ISA_USAGE = YES_ERROR;
				CLANG_WARN_DOCUMENTATION_COMMENTS = YES;
				CLANG_WARN_EMPTY_BODY = YES;
				CLANG_WARN_ENUM_CONVERSION = YES;
				CLANG_WARN_INFINITE_RECURSION = YES;
				CLANG_WARN_INT_CONVERSION = YES;
				CLANG_WARN_NON_LITERAL_NULL_CONVERSION = YES;
				CLANG_WARN_OBJC_IMPLICIT_RETAIN_SELF = YES;
				CLANG_WARN_OBJC_LITERAL_CONVERSION = YES;
				CLANG_WARN_OBJC_ROOT_CLASS = YES_ERROR;
				CLANG_WARN_QUOTED_INCLUDE_IN_FRAMEWORK_HEADER = YES;
				CLANG_WARN_RANGE_LOOP_ANALYSIS = YES;
				CLANG_WARN_STRICT_PROTOTYPES = YES;
				CLANG_WARN_SUSPICIOUS_MOVE = YES;
				CLANG_WARN_UNGUARDED_AVAILABILITY = YES_AGGRESSIVE;
				CLANG_WARN_UNREACHABLE_CODE = YES;
				CLANG_WARN__DUPLICATE_METHOD_MATCH = YES;
				COPY_PHASE_STRIP = NO;
				DEAD_CODE_STRIPPING = YES;
				DEBUG_INFORMATION_FORMAT = dwarf;
				ENABLE_STRICT_OBJC_MSGSEND = YES;
				ENABLE_TESTABILITY = YES;
				GCC_C_LANGUAGE_STANDARD = gnu11;
				GCC_DYNAMIC_NO_PIC = NO;
				GCC_NO_COMMON_BLOCKS = YES;
				GCC_OPTIMIZATION_LEVEL = 0;
				GCC_PREPROCESSOR_DEFINITIONS = (
					"DEBUG=1",
					"$(inherited)",
				);
				GCC_WARN_64_TO_32_BIT_CONVERSION = YES;
				GCC_WARN_ABOUT_RETURN_TYPE = YES_ERROR;
				GCC_WARN_UNDECLARED_SELECTOR = YES;
				GCC_WARN_UNINITIALIZED_AUTOS = YES_AGGRESSIVE;
				GCC_WARN_UNUSED_FUNCTION = YES;
				GCC_WARN_UNUSED_VARIABLE = YES;
				MTL_ENABLE_DEBUG_INFO = YES;
				ONLY_ACTIVE_ARCH = YES;
				PRODUCT_NAME = "$(TARGET_NAME)";
			};
			name = Debug;
		};
		6B190D12535ED8A97406AD4D /* Release */ = {
			isa = XCBuildConfiguration;
			buildSettings = {
				BUNDLE_LOADER = "$(TEST_HOST)";
				INFOPLIST_FILE = "Derived/InfoPlists/figTests-Info.plist";
				LD_RUNPATH_SEARCH_PATHS = (
					"$(inherited)",
					"@executable_path/Frameworks",
					"@loader_path/Frameworks",
				);
				"LD_RUNPATH_SEARCH_PATHS[sdk=macosx*]" = (
					"$(inherited)",
					"@executable_path/../Frameworks",
					"@loader_path/../Frameworks",
				);
				PRODUCT_BUNDLE_IDENTIFIER = com.mayankgandhi.figTests;
				PRODUCT_NAME = figTests;
				SDKROOT = auto;
				SUPPORTED_PLATFORMS = "iphoneos iphonesimulator macosx";
				SUPPORTS_MACCATALYST = NO;
				SUPPORTS_MAC_DESIGNED_FOR_IPHONE_IPAD = NO;
				SUPPORTS_XR_DESIGNED_FOR_IPHONE_IPAD = NO;
				SWIFT_COMPILATION_MODE = wholemodule;
				SWIFT_OPTIMIZATION_LEVEL = "-O";
				SWIFT_VERSION = 5.0;
				TARGETED_DEVICE_FAMILY = "1,2";
				TEST_HOST = "$(BUILT_PRODUCTS_DIR)/fig.app/$(BUNDLE_EXECUTABLE_FOLDER_PATH)/fig";
				TEST_TARGET_NAME = fig;
			};
			name = Release;
		};
		8CCE3FA0B0E1852B8A21F93C /* Debug */ = {
			isa = XCBuildConfiguration;
			buildSettings = {
				INFOPLIST_FILE = "Derived/InfoPlists/figUITests-Info.plist";
				LD_RUNPATH_SEARCH_PATHS = (
					"$(inherited)",
					"@executable_path/Frameworks",
					"@loader_path/Frameworks",
				);
				"LD_RUNPATH_SEARCH_PATHS[sdk=macosx*]" = (
					"$(inherited)",
					"@executable_path/../Frameworks",
					"@loader_path/../Frameworks",
				);
				PRODUCT_BUNDLE_IDENTIFIER = com.mayankgandhi.figUITests;
				PRODUCT_NAME = figUITests;
				SDKROOT = auto;
				SUPPORTED_PLATFORMS = "iphoneos iphonesimulator macosx";
				SUPPORTS_MACCATALYST = NO;
				SUPPORTS_MAC_DESIGNED_FOR_IPHONE_IPAD = NO;
				SUPPORTS_XR_DESIGNED_FOR_IPHONE_IPAD = NO;
				SWIFT_ACTIVE_COMPILATION_CONDITIONS = (
					"$(inherited)",
					DEBUG,
				);
				SWIFT_COMPILATION_MODE = singlefile;
				SWIFT_OPTIMIZATION_LEVEL = "-Onone";
				SWIFT_VERSION = 5.0;
				TARGETED_DEVICE_FAMILY = "1,2";
				TEST_TARGET_NAME = fig;
			};
			name = Debug;
		};
		97176BFBFAF520C3D882BD70 /* Debug */ = {
			isa = XCBuildConfiguration;
			buildSettings = {
				BUNDLE_LOADER = "$(TEST_HOST)";
				INFOPLIST_FILE = "Derived/InfoPlists/figTests-Info.plist";
				LD_RUNPATH_SEARCH_PATHS = (
					"$(inherited)",
					"@executable_path/Frameworks",
					"@loader_path/Frameworks",
				);
				"LD_RUNPATH_SEARCH_PATHS[sdk=macosx*]" = (
					"$(inherited)",
					"@executable_path/../Frameworks",
					"@loader_path/../Frameworks",
				);
				PRODUCT_BUNDLE_IDENTIFIER = com.mayankgandhi.figTests;
				PRODUCT_NAME = figTests;
				SDKROOT = auto;
				SUPPORTED_PLATFORMS = "iphoneos iphonesimulator macosx";
				SUPPORTS_MACCATALYST = NO;
				SUPPORTS_MAC_DESIGNED_FOR_IPHONE_IPAD = NO;
				SUPPORTS_XR_DESIGNED_FOR_IPHONE_IPAD = NO;
				SWIFT_ACTIVE_COMPILATION_CONDITIONS = (
					"$(inherited)",
					DEBUG,
				);
				SWIFT_COMPILATION_MODE = singlefile;
				SWIFT_OPTIMIZATION_LEVEL = "-Onone";
				SWIFT_VERSION = 5.0;
				TARGETED_DEVICE_FAMILY = "1,2";
				TEST_HOST = "$(BUILT_PRODUCTS_DIR)/fig.app/$(BUNDLE_EXECUTABLE_FOLDER_PATH)/fig";
				TEST_TARGET_NAME = fig;
			};
			name = Debug;
		};
		ADD2475562363DAB7C0FB185 /* Debug */ = {
			isa = XCBuildConfiguration;
			buildSettings = {
				CODE_SIGN_IDENTITY = "iPhone Developer";
				CODE_SIGN_STYLE = Automatic;
				DEVELOPMENT_TEAM = Q7HVAVTGUP;
				INFOPLIST_FILE = "Derived/InfoPlists/alarm-Info.plist";
				IPHONEOS_DEPLOYMENT_TARGET = 26.0;
				LD_RUNPATH_SEARCH_PATHS = (
					"$(inherited)",
					"@executable_path/Frameworks",
					"@executable_path/../../Frameworks",
				);
				PRODUCT_BUNDLE_IDENTIFIER = m.fig.alarm;
				PRODUCT_NAME = alarm;
				SDKROOT = iphoneos;
				SUPPORTS_MACCATALYST = NO;
				SUPPORTS_MAC_DESIGNED_FOR_IPHONE_IPAD = NO;
				SUPPORTS_XR_DESIGNED_FOR_IPHONE_IPAD = NO;
				SWIFT_ACTIVE_COMPILATION_CONDITIONS = (
					"$(inherited)",
					DEBUG,
				);
				SWIFT_COMPILATION_MODE = singlefile;
				SWIFT_OPTIMIZATION_LEVEL = "-Onone";
				SWIFT_VERSION = 5.0;
				TARGETED_DEVICE_FAMILY = "1,2";
			};
			name = Debug;
		};
		CF7395CC447C7AF35F5CC0FD /* Release */ = {
			isa = XCBuildConfiguration;
			buildSettings = {
				CODE_SIGN_IDENTITY = "iPhone Developer";
				CODE_SIGN_STYLE = Automatic;
				DEVELOPMENT_TEAM = Q7HVAVTGUP;
				INFOPLIST_FILE = "Derived/InfoPlists/alarm-Info.plist";
				IPHONEOS_DEPLOYMENT_TARGET = 26.0;
				LD_RUNPATH_SEARCH_PATHS = (
					"$(inherited)",
					"@executable_path/Frameworks",
					"@executable_path/../../Frameworks",
				);
				PRODUCT_BUNDLE_IDENTIFIER = m.fig.alarm;
				PRODUCT_NAME = alarm;
				SDKROOT = iphoneos;
				SUPPORTS_MACCATALYST = NO;
				SUPPORTS_MAC_DESIGNED_FOR_IPHONE_IPAD = NO;
				SUPPORTS_XR_DESIGNED_FOR_IPHONE_IPAD = NO;
				SWIFT_COMPILATION_MODE = wholemodule;
				SWIFT_OPTIMIZATION_LEVEL = "-O";
				SWIFT_VERSION = 5.0;
				TARGETED_DEVICE_FAMILY = "1,2";
			};
			name = Release;
		};
		D33CDC253335900821D86BCC /* Release */ = {
			isa = XCBuildConfiguration;
			buildSettings = {
				INFOPLIST_FILE = "Derived/InfoPlists/figUITests-Info.plist";
				LD_RUNPATH_SEARCH_PATHS = (
					"$(inherited)",
					"@executable_path/Frameworks",
					"@loader_path/Frameworks",
				);
				"LD_RUNPATH_SEARCH_PATHS[sdk=macosx*]" = (
					"$(inherited)",
					"@executable_path/../Frameworks",
					"@loader_path/../Frameworks",
				);
				PRODUCT_BUNDLE_IDENTIFIER = com.mayankgandhi.figUITests;
				PRODUCT_NAME = figUITests;
				SDKROOT = auto;
				SUPPORTED_PLATFORMS = "iphoneos iphonesimulator macosx";
				SUPPORTS_MACCATALYST = NO;
				SUPPORTS_MAC_DESIGNED_FOR_IPHONE_IPAD = NO;
				SUPPORTS_XR_DESIGNED_FOR_IPHONE_IPAD = NO;
				SWIFT_COMPILATION_MODE = wholemodule;
				SWIFT_OPTIMIZATION_LEVEL = "-O";
				SWIFT_VERSION = 5.0;
				TARGETED_DEVICE_FAMILY = "1,2";
				TEST_TARGET_NAME = fig;
			};
			name = Release;
		};
		EA7E9A835BE69CB1DC8574F4 /* Debug */ = {
			isa = XCBuildConfiguration;
			buildSettings = {
				ASSETCATALOG_COMPILER_APPICON_NAME = AppIcon;
				ASSETCATALOG_COMPILER_GLOBAL_ACCENT_COLOR_NAME = AccentColor;
				CODE_SIGN_STYLE = Automatic;
				DEVELOPMENT_TEAM = Q7HVAVTGUP;
				ENABLE_PREVIEWS = YES;
				INFOPLIST_FILE = "Derived/InfoPlists/fig-Info.plist";
				IPHONEOS_DEPLOYMENT_TARGET = 26.0;
				LD_RUNPATH_SEARCH_PATHS = (
					"$(inherited)",
					"@executable_path/Frameworks",
				);
				"LD_RUNPATH_SEARCH_PATHS[sdk=macosx*]" = (
					"$(inherited)",
					"@executable_path/../Frameworks",
				);
				PRODUCT_BUNDLE_IDENTIFIER = m.fig;
				PRODUCT_NAME = fig;
				SDKROOT = auto;
				SUPPORTED_PLATFORMS = "iphoneos iphonesimulator macosx";
				SUPPORTS_MACCATALYST = NO;
				SUPPORTS_MAC_DESIGNED_FOR_IPHONE_IPAD = NO;
				SUPPORTS_XR_DESIGNED_FOR_IPHONE_IPAD = NO;
				SWIFT_ACTIVE_COMPILATION_CONDITIONS = (
					"$(inherited)",
					DEBUG,
				);
				SWIFT_COMPILATION_MODE = singlefile;
				SWIFT_OPTIMIZATION_LEVEL = "-Onone";
				SWIFT_VERSION = 5.0;
				TARGETED_DEVICE_FAMILY = "1,2";
			};
			name = Debug;
		};
/* End XCBuildConfiguration section */

/* Begin XCConfigurationList section */
		7DDB120B0CEF8BE94BACE703 /* Build configuration list for PBXNativeTarget "figUITests" */ = {
			isa = XCConfigurationList;
			buildConfigurations = (
				8CCE3FA0B0E1852B8A21F93C /* Debug */,
				D33CDC253335900821D86BCC /* Release */,
			);
			defaultConfigurationIsVisible = 0;
			defaultConfigurationName = Release;
		};
		7FE0514641CB3071ABBE57D3 /* Build configuration list for PBXNativeTarget "figTests" */ = {
			isa = XCConfigurationList;
			buildConfigurations = (
				97176BFBFAF520C3D882BD70 /* Debug */,
				6B190D12535ED8A97406AD4D /* Release */,
			);
			defaultConfigurationIsVisible = 0;
			defaultConfigurationName = Release;
		};
		DD9E3568D5662EFF4ACCA955 /* Build configuration list for PBXProject "fig" */ = {
			isa = XCConfigurationList;
			buildConfigurations = (
				66339A91BED7F3F89D3001C5 /* Debug */,
				558E73E3CE46BA2760900B12 /* Release */,
			);
			defaultConfigurationIsVisible = 0;
			defaultConfigurationName = Release;
		};
		EED9313F4AB54390E4354BAB /* Build configuration list for PBXNativeTarget "alarm" */ = {
			isa = XCConfigurationList;
			buildConfigurations = (
				ADD2475562363DAB7C0FB185 /* Debug */,
				CF7395CC447C7AF35F5CC0FD /* Release */,
			);
			defaultConfigurationIsVisible = 0;
			defaultConfigurationName = Release;
		};
		EFC381363A1496969D07AFC9 /* Build configuration list for PBXNativeTarget "fig" */ = {
			isa = XCConfigurationList;
			buildConfigurations = (
				EA7E9A835BE69CB1DC8574F4 /* Debug */,
				09CF911342661EEA2DE1868B /* Release */,
			);
			defaultConfigurationIsVisible = 0;
			defaultConfigurationName = Release;
		};
/* End XCConfigurationList section */
	};
	rootObject = D8D7B09FDDEFC2FB3A1287E1 /* Project object */;
}
